// !$*UTF8*$!
{
	archiveVersion = 1;
	classes = {
	};
	objectVersion = 46;
	objects = {

/* Begin PBXBuildFile section */
		820F1E941A8B90E200CBC093 /* addhost in Resources */ = {isa = PBXBuildFile; fileRef = 820F1E921A8B90E200CBC093 /* addhost */; };
		820F1E951A8B90E200CBC093 /* removehost in Resources */ = {isa = PBXBuildFile; fileRef = 820F1E931A8B90E200CBC093 /* removehost */; };
		820F1EAD1A8C823800CBC093 /* ss in Resources */ = {isa = PBXBuildFile; fileRef = 820F1EAC1A8C823800CBC093 /* ss */; };
		820F1EAF1A8CA74700CBC093 /* st in Resources */ = {isa = PBXBuildFile; fileRef = 820F1EAE1A8CA74700CBC093 /* st */; };
		822279A42261810B00928FB1 /* NSTextField+Copypast.m in Sources */ = {isa = PBXBuildFile; fileRef = 822279A32261810B00928FB1 /* NSTextField+Copypast.m */; };
		82409EEC1A8F448700CE78F9 /* my.cnf in Resources */ = {isa = PBXBuildFile; fileRef = 82409EEB1A8F448700CE78F9 /* my.cnf */; };
		82409EEE1A90451700CE78F9 /* modMysqlPwd.sh in Resources */ = {isa = PBXBuildFile; fileRef = 82409EED1A90451700CE78F9 /* modMysqlPwd.sh */; };
		824EBDD91A8DD6BC0043BFA7 /* ModMySQLPwd.xib in Resources */ = {isa = PBXBuildFile; fileRef = 824EBDD81A8DD6BC0043BFA7 /* ModMySQLPwd.xib */; };
		824EBDDC1A8E1D730043BFA7 /* ModMySQLPwdController.m in Sources */ = {isa = PBXBuildFile; fileRef = 824EBDDB1A8E1D730043BFA7 /* ModMySQLPwdController.m */; };
		8255B51D1E7ECEC20068D35F /* restart.png in Resources */ = {isa = PBXBuildFile; fileRef = 8255B51B1E7ECEC20068D35F /* restart.png */; };
		8255B51E1E7ECEC20068D35F /* restart@2x.png in Resources */ = {isa = PBXBuildFile; fileRef = 8255B51C1E7ECEC20068D35F /* restart@2x.png */; };
		8263CC5B1A9A14B0007E791A /* MainAlipay.xib in Resources */ = {isa = PBXBuildFile; fileRef = 8263CC5A1A9A14B0007E791A /* MainAlipay.xib */; };
		8263CC5D1A9A14E9007E791A /* MainWeibo.xib in Resources */ = {isa = PBXBuildFile; fileRef = 8263CC5C1A9A14E9007E791A /* MainWeibo.xib */; };
		8279E0AD1A73646700CD79C9 /* Credits.rtf in Resources */ = {isa = PBXBuildFile; fileRef = 8279E0AB1A73646700CD79C9 /* Credits.rtf */; };
		8285780F1A9CA8C900526446 /* Icon.icns in Resources */ = {isa = PBXBuildFile; fileRef = 8285780E1A9CA8C900526446 /* Icon.icns */; };
		828B75821A7F7CCF0040DA32 /* HostNameController.m in Sources */ = {isa = PBXBuildFile; fileRef = 828B75811A7F7CCF0040DA32 /* HostNameController.m */; };
		828B75861A81F9180040DA32 /* HostNameModel.m in Sources */ = {isa = PBXBuildFile; fileRef = 828B75851A81F9180040DA32 /* HostNameModel.m */; };
		828B758F1A8239780040DA32 /* docs.png in Resources */ = {isa = PBXBuildFile; fileRef = 828B75871A8239780040DA32 /* docs.png */; };
		828B75901A8239780040DA32 /* docs@2x.png in Resources */ = {isa = PBXBuildFile; fileRef = 828B75881A8239780040DA32 /* docs@2x.png */; };
		828B75911A8239780040DA32 /* goto.png in Resources */ = {isa = PBXBuildFile; fileRef = 828B75891A8239780040DA32 /* goto.png */; };
		828B75921A8239780040DA32 /* goto@2x.png in Resources */ = {isa = PBXBuildFile; fileRef = 828B758A1A8239780040DA32 /* goto@2x.png */; };
		828B75931A8239780040DA32 /* hostInfo.png in Resources */ = {isa = PBXBuildFile; fileRef = 828B758B1A8239780040DA32 /* hostInfo.png */; };
		828B75941A8239780040DA32 /* hostInfo@2x.png in Resources */ = {isa = PBXBuildFile; fileRef = 828B758C1A8239780040DA32 /* hostInfo@2x.png */; };
		828B75951A8239780040DA32 /* info.png in Resources */ = {isa = PBXBuildFile; fileRef = 828B758D1A8239780040DA32 /* info.png */; };
		828B75961A8239780040DA32 /* info@2x.png in Resources */ = {isa = PBXBuildFile; fileRef = 828B758E1A8239780040DA32 /* info@2x.png */; };
		828B759C1A823AE10040DA32 /* header_back_left.tif in Resources */ = {isa = PBXBuildFile; fileRef = 828B75971A823AE10040DA32 /* header_back_left.tif */; };
		828B759D1A823AE10040DA32 /* start.png in Resources */ = {isa = PBXBuildFile; fileRef = 828B75981A823AE10040DA32 /* start.png */; };
		828B759E1A823AE10040DA32 /* start@2x.png in Resources */ = {isa = PBXBuildFile; fileRef = 828B75991A823AE10040DA32 /* start@2x.png */; };
		828B759F1A823AE10040DA32 /* webstart.png in Resources */ = {isa = PBXBuildFile; fileRef = 828B759A1A823AE10040DA32 /* webstart.png */; };
		828B75A01A823AE10040DA32 /* webstart@2x.png in Resources */ = {isa = PBXBuildFile; fileRef = 828B759B1A823AE10040DA32 /* webstart@2x.png */; };
		828B75A21A835CC40040DA32 /* server.plist in Resources */ = {isa = PBXBuildFile; fileRef = 828B75A11A835CC40040DA32 /* server.plist */; };
		828B76061A84D7150040DA32 /* GeneralController.m in Sources */ = {isa = PBXBuildFile; fileRef = 828B76051A84D7150040DA32 /* GeneralController.m */; };
		828B760A1A8603660040DA32 /* Sequel Pro.icns in Resources */ = {isa = PBXBuildFile; fileRef = 828B76091A8603660040DA32 /* Sequel Pro.icns */; };
		828B760F1A860DEF0040DA32 /* stop.png in Resources */ = {isa = PBXBuildFile; fileRef = 828B760D1A860DEF0040DA32 /* stop.png */; };
		828B76101A860DEF0040DA32 /* stop@2x.png in Resources */ = {isa = PBXBuildFile; fileRef = 828B760E1A860DEF0040DA32 /* stop@2x.png */; };
		828B76671A874C2D0040DA32 /* MySQLController.m in Sources */ = {isa = PBXBuildFile; fileRef = 828B76661A874C2D0040DA32 /* MySQLController.m */; };
		829C3C25276B63EC00181B11 /* install_helper.sh in Resources */ = {isa = PBXBuildFile; fileRef = 829C3C24276B63EB00181B11 /* install_helper.sh */; };
		829C3C27276B78E100181B11 /* script.sh in Resources */ = {isa = PBXBuildFile; fileRef = 829C3C26276B78E000181B11 /* script.sh */; };
		82C366621D313DE80044B58C /* tool.png in Resources */ = {isa = PBXBuildFile; fileRef = 82C366611D313DE80044B58C /* tool.png */; };
		82D9208E1A9C4D0800AFF5B1 /* weibo.png in Resources */ = {isa = PBXBuildFile; fileRef = 82D9208D1A9C4D0800AFF5B1 /* weibo.png */; };
		82DDD0EE1A88B2A5002FFD4D /* common.plist in Resources */ = {isa = PBXBuildFile; fileRef = 82DDD0ED1A88B2A5002FFD4D /* common.plist */; };
		82DDD0F01A88D974002FFD4D /* pma.ico in Resources */ = {isa = PBXBuildFile; fileRef = 82DDD0EF1A88D974002FFD4D /* pma.ico */; };
		82DF53571A9CA9E90078DB2F /* MainMenu.xib in Resources */ = {isa = PBXBuildFile; fileRef = 82DF53551A9CA9E90078DB2F /* MainMenu.xib */; };
		82DF53591A9CAD470078DB2F /* mIcon.icns in Resources */ = {isa = PBXBuildFile; fileRef = 82DF53581A9CAD470078DB2F /* mIcon.icns */; };
		82F8CFF91A70E5FC00B9FD25 /* AppDelegate.m in Sources */ = {isa = PBXBuildFile; fileRef = 82F8CFF81A70E5FC00B9FD25 /* AppDelegate.m */; };
		82F8CFFB1A70E5FC00B9FD25 /* main.m in Sources */ = {isa = PBXBuildFile; fileRef = 82F8CFFA1A70E5FC00B9FD25 /* main.m */; };
		82F8CFFD1A70E5FC00B9FD25 /* Images.xcassets in Resources */ = {isa = PBXBuildFile; fileRef = 82F8CFFC1A70E5FC00B9FD25 /* Images.xcassets */; };
		82F8D00C1A70E5FC00B9FD25 /* mdserverTests.m in Sources */ = {isa = PBXBuildFile; fileRef = 82F8D00B1A70E5FC00B9FD25 /* mdserverTests.m */; };
		82FC77471A765DB800D599AA /* NSCommon.m in Sources */ = {isa = PBXBuildFile; fileRef = 82FC77461A765DB800D599AA /* NSCommon.m */; };
		82FDBB671A9AD9450086E89B /* alipay.png in Resources */ = {isa = PBXBuildFile; fileRef = 82FDBB661A9AD9450086E89B /* alipay.png */; };
		82FDBB691A9ADAA80086E89B /* weixin.jpg in Resources */ = {isa = PBXBuildFile; fileRef = 82FDBB681A9ADAA80086E89B /* weixin.jpg */; };
/* End PBXBuildFile section */

/* Begin PBXContainerItemProxy section */
		82F8D0061A70E5FC00B9FD25 /* PBXContainerItemProxy */ = {
			isa = PBXContainerItemProxy;
			containerPortal = 82F8CFEA1A70E5FC00B9FD25 /* Project object */;
			proxyType = 1;
			remoteGlobalIDString = 82F8CFF11A70E5FC00B9FD25;
			remoteInfo = mdserver;
		};
/* End PBXContainerItemProxy section */

/* Begin PBXFileReference section */
		820F1E921A8B90E200CBC093 /* addhost */ = {isa = PBXFileReference; lastKnownFileType = "compiled.mach-o.executable"; path = addhost; sourceTree = "<group>"; };
		820F1E931A8B90E200CBC093 /* removehost */ = {isa = PBXFileReference; lastKnownFileType = "compiled.mach-o.executable"; path = removehost; sourceTree = "<group>"; };
		820F1EAC1A8C823800CBC093 /* ss */ = {isa = PBXFileReference; lastKnownFileType = "compiled.mach-o.executable"; path = ss; sourceTree = "<group>"; };
		820F1EAE1A8CA74700CBC093 /* st */ = {isa = PBXFileReference; lastKnownFileType = "compiled.mach-o.executable"; path = st; sourceTree = "<group>"; };
		822279A22261810B00928FB1 /* NSTextField+Copypast.h */ = {isa = PBXFileReference; lastKnownFileType = sourcecode.c.h; path = "NSTextField+Copypast.h"; sourceTree = "<group>"; };
		822279A32261810B00928FB1 /* NSTextField+Copypast.m */ = {isa = PBXFileReference; lastKnownFileType = sourcecode.c.objc; path = "NSTextField+Copypast.m"; sourceTree = "<group>"; };
		82409EEB1A8F448700CE78F9 /* my.cnf */ = {isa = PBXFileReference; fileEncoding = 4; lastKnownFileType = text; path = my.cnf; sourceTree = "<group>"; };
		82409EED1A90451700CE78F9 /* modMysqlPwd.sh */ = {isa = PBXFileReference; fileEncoding = 4; lastKnownFileType = text.script.sh; path = modMysqlPwd.sh; sourceTree = "<group>"; };
		824EBDD81A8DD6BC0043BFA7 /* ModMySQLPwd.xib */ = {isa = PBXFileReference; fileEncoding = 4; lastKnownFileType = file.xib; path = ModMySQLPwd.xib; sourceTree = "<group>"; };
		824EBDDA1A8E1D730043BFA7 /* ModMySQLPwdController.h */ = {isa = PBXFileReference; fileEncoding = 4; lastKnownFileType = sourcecode.c.h; path = ModMySQLPwdController.h; sourceTree = "<group>"; };
		824EBDDB1A8E1D730043BFA7 /* ModMySQLPwdController.m */ = {isa = PBXFileReference; fileEncoding = 4; lastKnownFileType = sourcecode.c.objc; path = ModMySQLPwdController.m; sourceTree = "<group>"; };
		8255B51B1E7ECEC20068D35F /* restart.png */ = {isa = PBXFileReference; lastKnownFileType = image.png; path = restart.png; sourceTree = "<group>"; };
		8255B51C1E7ECEC20068D35F /* restart@2x.png */ = {isa = PBXFileReference; lastKnownFileType = image.png; path = "restart@2x.png"; sourceTree = "<group>"; };
		8263CC591A99DC6F007E791A /* en */ = {isa = PBXFileReference; lastKnownFileType = text.rtf; name = en; path = en.lproj/Credits.rtf; sourceTree = "<group>"; };
		8263CC5A1A9A14B0007E791A /* MainAlipay.xib */ = {isa = PBXFileReference; fileEncoding = 4; lastKnownFileType = file.xib; path = MainAlipay.xib; sourceTree = "<group>"; };
		8263CC5C1A9A14E9007E791A /* MainWeibo.xib */ = {isa = PBXFileReference; fileEncoding = 4; lastKnownFileType = file.xib; path = MainWeibo.xib; sourceTree = "<group>"; };
		8279E0AC1A73646700CD79C9 /* Base */ = {isa = PBXFileReference; lastKnownFileType = text.rtf; name = Base; path = Base.lproj/Credits.rtf; sourceTree = "<group>"; };
		8285780E1A9CA8C900526446 /* Icon.icns */ = {isa = PBXFileReference; lastKnownFileType = image.icns; path = Icon.icns; sourceTree = "<group>"; };
		828B75801A7F7CCF0040DA32 /* HostNameController.h */ = {isa = PBXFileReference; fileEncoding = 4; lastKnownFileType = sourcecode.c.h; path = HostNameController.h; sourceTree = "<group>"; };
		828B75811A7F7CCF0040DA32 /* HostNameController.m */ = {isa = PBXFileReference; fileEncoding = 4; lastKnownFileType = sourcecode.c.objc; path = HostNameController.m; sourceTree = "<group>"; };
		828B75841A81F9180040DA32 /* HostNameModel.h */ = {isa = PBXFileReference; fileEncoding = 4; lastKnownFileType = sourcecode.c.h; path = HostNameModel.h; sourceTree = "<group>"; };
		828B75851A81F9180040DA32 /* HostNameModel.m */ = {isa = PBXFileReference; fileEncoding = 4; lastKnownFileType = sourcecode.c.objc; path = HostNameModel.m; sourceTree = "<group>"; };
		828B75871A8239780040DA32 /* docs.png */ = {isa = PBXFileReference; lastKnownFileType = image.png; path = docs.png; sourceTree = "<group>"; };
		828B75881A8239780040DA32 /* docs@2x.png */ = {isa = PBXFileReference; lastKnownFileType = image.png; path = "docs@2x.png"; sourceTree = "<group>"; };
		828B75891A8239780040DA32 /* goto.png */ = {isa = PBXFileReference; lastKnownFileType = image.png; path = goto.png; sourceTree = "<group>"; };
		828B758A1A8239780040DA32 /* goto@2x.png */ = {isa = PBXFileReference; lastKnownFileType = image.png; path = "goto@2x.png"; sourceTree = "<group>"; };
		828B758B1A8239780040DA32 /* hostInfo.png */ = {isa = PBXFileReference; lastKnownFileType = image.png; path = hostInfo.png; sourceTree = "<group>"; };
		828B758C1A8239780040DA32 /* hostInfo@2x.png */ = {isa = PBXFileReference; lastKnownFileType = image.png; path = "hostInfo@2x.png"; sourceTree = "<group>"; };
		828B758D1A8239780040DA32 /* info.png */ = {isa = PBXFileReference; lastKnownFileType = image.png; path = info.png; sourceTree = "<group>"; };
		828B758E1A8239780040DA32 /* info@2x.png */ = {isa = PBXFileReference; lastKnownFileType = image.png; path = "info@2x.png"; sourceTree = "<group>"; };
		828B75971A823AE10040DA32 /* header_back_left.tif */ = {isa = PBXFileReference; lastKnownFileType = image.tiff; path = header_back_left.tif; sourceTree = "<group>"; };
		828B75981A823AE10040DA32 /* start.png */ = {isa = PBXFileReference; lastKnownFileType = image.png; path = start.png; sourceTree = "<group>"; };
		828B75991A823AE10040DA32 /* start@2x.png */ = {isa = PBXFileReference; lastKnownFileType = image.png; path = "start@2x.png"; sourceTree = "<group>"; };
		828B759A1A823AE10040DA32 /* webstart.png */ = {isa = PBXFileReference; lastKnownFileType = image.png; path = webstart.png; sourceTree = "<group>"; };
		828B759B1A823AE10040DA32 /* webstart@2x.png */ = {isa = PBXFileReference; lastKnownFileType = image.png; path = "webstart@2x.png"; sourceTree = "<group>"; };
		828B75A11A835CC40040DA32 /* server.plist */ = {isa = PBXFileReference; lastKnownFileType = text.plist; path = server.plist; sourceTree = "<group>"; };
		828B76041A84D7150040DA32 /* GeneralController.h */ = {isa = PBXFileReference; fileEncoding = 4; lastKnownFileType = sourcecode.c.h; path = GeneralController.h; sourceTree = "<group>"; };
		828B76051A84D7150040DA32 /* GeneralController.m */ = {isa = PBXFileReference; fileEncoding = 4; lastKnownFileType = sourcecode.c.objc; path = GeneralController.m; sourceTree = "<group>"; };
		828B76091A8603660040DA32 /* Sequel Pro.icns */ = {isa = PBXFileReference; lastKnownFileType = image.icns; path = "Sequel Pro.icns"; sourceTree = "<group>"; };
		828B760D1A860DEF0040DA32 /* stop.png */ = {isa = PBXFileReference; lastKnownFileType = image.png; path = stop.png; sourceTree = "<group>"; };
		828B760E1A860DEF0040DA32 /* stop@2x.png */ = {isa = PBXFileReference; lastKnownFileType = image.png; path = "stop@2x.png"; sourceTree = "<group>"; };
		828B76651A874C2D0040DA32 /* MySQLController.h */ = {isa = PBXFileReference; fileEncoding = 4; lastKnownFileType = sourcecode.c.h; path = MySQLController.h; sourceTree = "<group>"; };
		828B76661A874C2D0040DA32 /* MySQLController.m */ = {isa = PBXFileReference; fileEncoding = 4; lastKnownFileType = sourcecode.c.objc; path = MySQLController.m; sourceTree = "<group>"; };
		829C3C24276B63EB00181B11 /* install_helper.sh */ = {isa = PBXFileReference; fileEncoding = 4; lastKnownFileType = text.script.sh; path = install_helper.sh; sourceTree = "<group>"; };
		829C3C26276B78E000181B11 /* script.sh */ = {isa = PBXFileReference; fileEncoding = 4; lastKnownFileType = text.script.sh; path = script.sh; sourceTree = "<group>"; };
		82C366611D313DE80044B58C /* tool.png */ = {isa = PBXFileReference; lastKnownFileType = image.png; path = tool.png; sourceTree = "<group>"; };
		82D9208D1A9C4D0800AFF5B1 /* weibo.png */ = {isa = PBXFileReference; lastKnownFileType = image.png; path = weibo.png; sourceTree = "<group>"; };
		82DDD0ED1A88B2A5002FFD4D /* common.plist */ = {isa = PBXFileReference; fileEncoding = 4; lastKnownFileType = text.plist.xml; path = common.plist; sourceTree = "<group>"; };
		82DDD0EF1A88D974002FFD4D /* pma.ico */ = {isa = PBXFileReference; lastKnownFileType = image.ico; path = pma.ico; sourceTree = "<group>"; };
		82DF53561A9CA9E90078DB2F /* Base */ = {isa = PBXFileReference; lastKnownFileType = file.xib; name = Base; path = Base.lproj/MainMenu.xib; sourceTree = "<group>"; };
		82DF53581A9CAD470078DB2F /* mIcon.icns */ = {isa = PBXFileReference; lastKnownFileType = image.icns; path = mIcon.icns; sourceTree = "<group>"; };
		82F8CFF21A70E5FC00B9FD25 /* mdserver.app */ = {isa = PBXFileReference; explicitFileType = wrapper.application; includeInIndex = 0; path = mdserver.app; sourceTree = BUILT_PRODUCTS_DIR; };
		82F8CFF61A70E5FC00B9FD25 /* Info.plist */ = {isa = PBXFileReference; lastKnownFileType = text.plist.xml; path = Info.plist; sourceTree = "<group>"; };
		82F8CFF71A70E5FC00B9FD25 /* AppDelegate.h */ = {isa = PBXFileReference; lastKnownFileType = sourcecode.c.h; path = AppDelegate.h; sourceTree = "<group>"; };
		82F8CFF81A70E5FC00B9FD25 /* AppDelegate.m */ = {isa = PBXFileReference; lastKnownFileType = sourcecode.c.objc; path = AppDelegate.m; sourceTree = "<group>"; };
		82F8CFFA1A70E5FC00B9FD25 /* main.m */ = {isa = PBXFileReference; lastKnownFileType = sourcecode.c.objc; path = main.m; sourceTree = "<group>"; };
		82F8CFFC1A70E5FC00B9FD25 /* Images.xcassets */ = {isa = PBXFileReference; lastKnownFileType = folder.assetcatalog; path = Images.xcassets; sourceTree = "<group>"; };
		82F8D0051A70E5FC00B9FD25 /* mdserverTests.xctest */ = {isa = PBXFileReference; explicitFileType = wrapper.cfbundle; includeInIndex = 0; path = mdserverTests.xctest; sourceTree = BUILT_PRODUCTS_DIR; };
		82F8D00A1A70E5FC00B9FD25 /* Info.plist */ = {isa = PBXFileReference; lastKnownFileType = text.plist.xml; path = Info.plist; sourceTree = "<group>"; };
		82F8D00B1A70E5FC00B9FD25 /* mdserverTests.m */ = {isa = PBXFileReference; lastKnownFileType = sourcecode.c.objc; path = mdserverTests.m; sourceTree = "<group>"; };
		82FC77451A765DB800D599AA /* NSCommon.h */ = {isa = PBXFileReference; fileEncoding = 4; lastKnownFileType = sourcecode.c.h; path = NSCommon.h; sourceTree = "<group>"; };
		82FC77461A765DB800D599AA /* NSCommon.m */ = {isa = PBXFileReference; fileEncoding = 4; lastKnownFileType = sourcecode.c.objc; path = NSCommon.m; sourceTree = "<group>"; };
		82FDBB661A9AD9450086E89B /* alipay.png */ = {isa = PBXFileReference; lastKnownFileType = image.png; path = alipay.png; sourceTree = "<group>"; };
		82FDBB681A9ADAA80086E89B /* weixin.jpg */ = {isa = PBXFileReference; lastKnownFileType = image.jpeg; path = weixin.jpg; sourceTree = "<group>"; };
/* End PBXFileReference section */

/* Begin PBXFrameworksBuildPhase section */
		82F8CFEF1A70E5FC00B9FD25 /* Frameworks */ = {
			isa = PBXFrameworksBuildPhase;
			buildActionMask = 2147483647;
			files = (
			);
			runOnlyForDeploymentPostprocessing = 0;
		};
		82F8D0021A70E5FC00B9FD25 /* Frameworks */ = {
			isa = PBXFrameworksBuildPhase;
			buildActionMask = 2147483647;
			files = (
			);
			runOnlyForDeploymentPostprocessing = 0;
		};
/* End PBXFrameworksBuildPhase section */

/* Begin PBXGroup section */
		824CD7C41A7265E400668E6F /* Resources */ = {
			isa = PBXGroup;
			children = (
				829C3C26276B78E000181B11 /* script.sh */,
				829C3C24276B63EB00181B11 /* install_helper.sh */,
				8255B51B1E7ECEC20068D35F /* restart.png */,
				8255B51C1E7ECEC20068D35F /* restart@2x.png */,
				8285780E1A9CA8C900526446 /* Icon.icns */,
				82FDBB681A9ADAA80086E89B /* weixin.jpg */,
				82409EED1A90451700CE78F9 /* modMysqlPwd.sh */,
				82FDBB661A9AD9450086E89B /* alipay.png */,
				82409EEB1A8F448700CE78F9 /* my.cnf */,
				820F1EAE1A8CA74700CBC093 /* st */,
				820F1EAC1A8C823800CBC093 /* ss */,
				820F1E921A8B90E200CBC093 /* addhost */,
				820F1E931A8B90E200CBC093 /* removehost */,
				828B760D1A860DEF0040DA32 /* stop.png */,
				828B760E1A860DEF0040DA32 /* stop@2x.png */,
				828B76091A8603660040DA32 /* Sequel Pro.icns */,
				82DDD0EF1A88D974002FFD4D /* pma.ico */,
				82C366611D313DE80044B58C /* tool.png */,
				828B75971A823AE10040DA32 /* header_back_left.tif */,
				828B75981A823AE10040DA32 /* start.png */,
				828B75991A823AE10040DA32 /* start@2x.png */,
				828B759A1A823AE10040DA32 /* webstart.png */,
				828B759B1A823AE10040DA32 /* webstart@2x.png */,
				828B75871A8239780040DA32 /* docs.png */,
				828B75881A8239780040DA32 /* docs@2x.png */,
				828B75891A8239780040DA32 /* goto.png */,
				828B758A1A8239780040DA32 /* goto@2x.png */,
				82DF53581A9CAD470078DB2F /* mIcon.icns */,
				82D9208D1A9C4D0800AFF5B1 /* weibo.png */,
				828B758B1A8239780040DA32 /* hostInfo.png */,
				828B758C1A8239780040DA32 /* hostInfo@2x.png */,
				828B758D1A8239780040DA32 /* info.png */,
				828B758E1A8239780040DA32 /* info@2x.png */,
			);
			path = Resources;
			sourceTree = "<group>";
		};
		828B75831A81F8D80040DA32 /* Model */ = {
			isa = PBXGroup;
			children = (
				828B75841A81F9180040DA32 /* HostNameModel.h */,
				828B75851A81F9180040DA32 /* HostNameModel.m */,
			);
			path = Model;
			sourceTree = "<group>";
		};
		82F8CFE91A70E5FC00B9FD25 = {
			isa = PBXGroup;
			children = (
				82F8CFF41A70E5FC00B9FD25 /* mdserver */,
				82F8D0081A70E5FC00B9FD25 /* mdserverTests */,
				82F8CFF31A70E5FC00B9FD25 /* Products */,
			);
			sourceTree = "<group>";
		};
		82F8CFF31A70E5FC00B9FD25 /* Products */ = {
			isa = PBXGroup;
			children = (
				82F8CFF21A70E5FC00B9FD25 /* mdserver.app */,
				82F8D0051A70E5FC00B9FD25 /* mdserverTests.xctest */,
			);
			name = Products;
			sourceTree = "<group>";
		};
		82F8CFF41A70E5FC00B9FD25 /* mdserver */ = {
			isa = PBXGroup;
			children = (
				824CD7C41A7265E400668E6F /* Resources */,
				828B75831A81F8D80040DA32 /* Model */,
				82F8D0151A70E7B000B9FD25 /* Controller */,
				82F8CFF71A70E5FC00B9FD25 /* AppDelegate.h */,
				82F8CFF81A70E5FC00B9FD25 /* AppDelegate.m */,
				82FC77451A765DB800D599AA /* NSCommon.h */,
				82FC77461A765DB800D599AA /* NSCommon.m */,
				82F8CFFC1A70E5FC00B9FD25 /* Images.xcassets */,
				82DF53551A9CA9E90078DB2F /* MainMenu.xib */,
				824EBDD81A8DD6BC0043BFA7 /* ModMySQLPwd.xib */,
				8263CC5A1A9A14B0007E791A /* MainAlipay.xib */,
				8263CC5C1A9A14E9007E791A /* MainWeibo.xib */,
				82F8CFF51A70E5FC00B9FD25 /* Supporting Files */,
				822279A22261810B00928FB1 /* NSTextField+Copypast.h */,
				822279A32261810B00928FB1 /* NSTextField+Copypast.m */,
			);
			path = mdserver;
			sourceTree = "<group>";
		};
		82F8CFF51A70E5FC00B9FD25 /* Supporting Files */ = {
			isa = PBXGroup;
			children = (
				828B75A11A835CC40040DA32 /* server.plist */,
				82DDD0ED1A88B2A5002FFD4D /* common.plist */,
				8279E0AB1A73646700CD79C9 /* Credits.rtf */,
				82F8CFF61A70E5FC00B9FD25 /* Info.plist */,
				82F8CFFA1A70E5FC00B9FD25 /* main.m */,
			);
			name = "Supporting Files";
			sourceTree = "<group>";
		};
		82F8D0081A70E5FC00B9FD25 /* mdserverTests */ = {
			isa = PBXGroup;
			children = (
				82F8D00B1A70E5FC00B9FD25 /* mdserverTests.m */,
				82F8D0091A70E5FC00B9FD25 /* Supporting Files */,
			);
			path = mdserverTests;
			sourceTree = "<group>";
		};
		82F8D0091A70E5FC00B9FD25 /* Supporting Files */ = {
			isa = PBXGroup;
			children = (
				82F8D00A1A70E5FC00B9FD25 /* Info.plist */,
			);
			name = "Supporting Files";
			sourceTree = "<group>";
		};
		82F8D0151A70E7B000B9FD25 /* Controller */ = {
			isa = PBXGroup;
			children = (
				828B75801A7F7CCF0040DA32 /* HostNameController.h */,
				828B75811A7F7CCF0040DA32 /* HostNameController.m */,
				828B76041A84D7150040DA32 /* GeneralController.h */,
				828B76051A84D7150040DA32 /* GeneralController.m */,
				828B76651A874C2D0040DA32 /* MySQLController.h */,
				828B76661A874C2D0040DA32 /* MySQLController.m */,
				824EBDDA1A8E1D730043BFA7 /* ModMySQLPwdController.h */,
				824EBDDB1A8E1D730043BFA7 /* ModMySQLPwdController.m */,
			);
			path = Controller;
			sourceTree = "<group>";
		};
/* End PBXGroup section */

/* Begin PBXNativeTarget section */
		82F8CFF11A70E5FC00B9FD25 /* mdserver */ = {
			isa = PBXNativeTarget;
			buildConfigurationList = 82F8D00F1A70E5FC00B9FD25 /* Build configuration list for PBXNativeTarget "mdserver" */;
			buildPhases = (
				82F8CFEE1A70E5FC00B9FD25 /* Sources */,
				82F8CFEF1A70E5FC00B9FD25 /* Frameworks */,
				82F8CFF01A70E5FC00B9FD25 /* Resources */,
			);
			buildRules = (
			);
			dependencies = (
			);
			name = mdserver;
			productName = mdserver;
			productReference = 82F8CFF21A70E5FC00B9FD25 /* mdserver.app */;
			productType = "com.apple.product-type.application";
		};
		82F8D0041A70E5FC00B9FD25 /* mdserverTests */ = {
			isa = PBXNativeTarget;
			buildConfigurationList = 82F8D0121A70E5FC00B9FD25 /* Build configuration list for PBXNativeTarget "mdserverTests" */;
			buildPhases = (
				82F8D0011A70E5FC00B9FD25 /* Sources */,
				82F8D0021A70E5FC00B9FD25 /* Frameworks */,
				82F8D0031A70E5FC00B9FD25 /* Resources */,
			);
			buildRules = (
			);
			dependencies = (
				82F8D0071A70E5FC00B9FD25 /* PBXTargetDependency */,
			);
			name = mdserverTests;
			productName = mdserverTests;
			productReference = 82F8D0051A70E5FC00B9FD25 /* mdserverTests.xctest */;
			productType = "com.apple.product-type.bundle.unit-test";
		};
/* End PBXNativeTarget section */

/* Begin PBXProject section */
		82F8CFEA1A70E5FC00B9FD25 /* Project object */ = {
			isa = PBXProject;
			attributes = {
				LastUpgradeCheck = 1500;
				ORGANIZATIONNAME = midoks.cachecha.com;
				TargetAttributes = {
					82F8CFF11A70E5FC00B9FD25 = {
						CreatedOnToolsVersion = 6.1.1;
					};
					82F8D0041A70E5FC00B9FD25 = {
						CreatedOnToolsVersion = 6.1.1;
						TestTargetID = 82F8CFF11A70E5FC00B9FD25;
					};
				};
			};
			buildConfigurationList = 82F8CFED1A70E5FC00B9FD25 /* Build configuration list for PBXProject "mdserver" */;
			compatibilityVersion = "Xcode 3.2";
			developmentRegion = en;
			hasScannedForEncodings = 0;
			knownRegions = (
				en,
				Base,
			);
			mainGroup = 82F8CFE91A70E5FC00B9FD25;
			productRefGroup = 82F8CFF31A70E5FC00B9FD25 /* Products */;
			projectDirPath = "";
			projectRoot = "";
			targets = (
				82F8CFF11A70E5FC00B9FD25 /* mdserver */,
				82F8D0041A70E5FC00B9FD25 /* mdserverTests */,
			);
		};
/* End PBXProject section */

/* Begin PBXResourcesBuildPhase section */
		82F8CFF01A70E5FC00B9FD25 /* Resources */ = {
			isa = PBXResourcesBuildPhase;
			buildActionMask = 2147483647;
			files = (
				820F1E941A8B90E200CBC093 /* addhost in Resources */,
				824EBDD91A8DD6BC0043BFA7 /* ModMySQLPwd.xib in Resources */,
				82DDD0F01A88D974002FFD4D /* pma.ico in Resources */,
				828B760A1A8603660040DA32 /* Sequel Pro.icns in Resources */,
				828B759E1A823AE10040DA32 /* start@2x.png in Resources */,
				828B75931A8239780040DA32 /* hostInfo.png in Resources */,
				8263CC5D1A9A14E9007E791A /* MainWeibo.xib in Resources */,
				828B75A21A835CC40040DA32 /* server.plist in Resources */,
				828B75961A8239780040DA32 /* info@2x.png in Resources */,
				82C366621D313DE80044B58C /* tool.png in Resources */,
				820F1EAD1A8C823800CBC093 /* ss in Resources */,
				828B759D1A823AE10040DA32 /* start.png in Resources */,
				8279E0AD1A73646700CD79C9 /* Credits.rtf in Resources */,
				82FDBB691A9ADAA80086E89B /* weixin.jpg in Resources */,
				828B759F1A823AE10040DA32 /* webstart.png in Resources */,
				828B75921A8239780040DA32 /* goto@2x.png in Resources */,
				829C3C27276B78E100181B11 /* script.sh in Resources */,
				828B75951A8239780040DA32 /* info.png in Resources */,
				82D9208E1A9C4D0800AFF5B1 /* weibo.png in Resources */,
				82409EEE1A90451700CE78F9 /* modMysqlPwd.sh in Resources */,
				828B758F1A8239780040DA32 /* docs.png in Resources */,
				82DF53591A9CAD470078DB2F /* mIcon.icns in Resources */,
				82F8CFFD1A70E5FC00B9FD25 /* Images.xcassets in Resources */,
				828B75911A8239780040DA32 /* goto.png in Resources */,
				8263CC5B1A9A14B0007E791A /* MainAlipay.xib in Resources */,
				82409EEC1A8F448700CE78F9 /* my.cnf in Resources */,
				828B75901A8239780040DA32 /* docs@2x.png in Resources */,
				82FDBB671A9AD9450086E89B /* alipay.png in Resources */,
				828B759C1A823AE10040DA32 /* header_back_left.tif in Resources */,
				82DF53571A9CA9E90078DB2F /* MainMenu.xib in Resources */,
				828B75A01A823AE10040DA32 /* webstart@2x.png in Resources */,
				828B760F1A860DEF0040DA32 /* stop.png in Resources */,
				820F1EAF1A8CA74700CBC093 /* st in Resources */,
				829C3C25276B63EC00181B11 /* install_helper.sh in Resources */,
				82DDD0EE1A88B2A5002FFD4D /* common.plist in Resources */,
				828B76101A860DEF0040DA32 /* stop@2x.png in Resources */,
				8285780F1A9CA8C900526446 /* Icon.icns in Resources */,
				828B75941A8239780040DA32 /* hostInfo@2x.png in Resources */,
				8255B51E1E7ECEC20068D35F /* restart@2x.png in Resources */,
				820F1E951A8B90E200CBC093 /* removehost in Resources */,
				8255B51D1E7ECEC20068D35F /* restart.png in Resources */,
			);
			runOnlyForDeploymentPostprocessing = 0;
		};
		82F8D0031A70E5FC00B9FD25 /* Resources */ = {
			isa = PBXResourcesBuildPhase;
			buildActionMask = 2147483647;
			files = (
			);
			runOnlyForDeploymentPostprocessing = 0;
		};
/* End PBXResourcesBuildPhase section */

/* Begin PBXSourcesBuildPhase section */
		82F8CFEE1A70E5FC00B9FD25 /* Sources */ = {
			isa = PBXSourcesBuildPhase;
			buildActionMask = 2147483647;
			files = (
				828B76061A84D7150040DA32 /* GeneralController.m in Sources */,
				828B75821A7F7CCF0040DA32 /* HostNameController.m in Sources */,
				82F8CFFB1A70E5FC00B9FD25 /* main.m in Sources */,
				82F8CFF91A70E5FC00B9FD25 /* AppDelegate.m in Sources */,
				828B75861A81F9180040DA32 /* HostNameModel.m in Sources */,
				822279A42261810B00928FB1 /* NSTextField+Copypast.m in Sources */,
				824EBDDC1A8E1D730043BFA7 /* ModMySQLPwdController.m in Sources */,
				828B76671A874C2D0040DA32 /* MySQLController.m in Sources */,
				82FC77471A765DB800D599AA /* NSCommon.m in Sources */,
			);
			runOnlyForDeploymentPostprocessing = 0;
		};
		82F8D0011A70E5FC00B9FD25 /* Sources */ = {
			isa = PBXSourcesBuildPhase;
			buildActionMask = 2147483647;
			files = (
				82F8D00C1A70E5FC00B9FD25 /* mdserverTests.m in Sources */,
			);
			runOnlyForDeploymentPostprocessing = 0;
		};
/* End PBXSourcesBuildPhase section */

/* Begin PBXTargetDependency section */
		82F8D0071A70E5FC00B9FD25 /* PBXTargetDependency */ = {
			isa = PBXTargetDependency;
			target = 82F8CFF11A70E5FC00B9FD25 /* mdserver */;
			targetProxy = 82F8D0061A70E5FC00B9FD25 /* PBXContainerItemProxy */;
		};
/* End PBXTargetDependency section */

/* Begin PBXVariantGroup section */
		8279E0AB1A73646700CD79C9 /* Credits.rtf */ = {
			isa = PBXVariantGroup;
			children = (
				8279E0AC1A73646700CD79C9 /* Base */,
				8263CC591A99DC6F007E791A /* en */,
			);
			name = Credits.rtf;
			sourceTree = "<group>";
		};
		82DF53551A9CA9E90078DB2F /* MainMenu.xib */ = {
			isa = PBXVariantGroup;
			children = (
				82DF53561A9CA9E90078DB2F /* Base */,
			);
			name = MainMenu.xib;
			sourceTree = "<group>";
		};
/* End PBXVariantGroup section */

/* Begin XCBuildConfiguration section */
		82F8D00D1A70E5FC00B9FD25 /* Debug */ = {
			isa = XCBuildConfiguration;
			buildSettings = {
				ALWAYS_SEARCH_USER_PATHS = NO;
				CLANG_ANALYZER_LOCALIZABILITY_NONLOCALIZED = YES;
				CLANG_CXX_LANGUAGE_STANDARD = "gnu++0x";
				CLANG_CXX_LIBRARY = "libc++";
				CLANG_ENABLE_MODULES = YES;
				CLANG_ENABLE_OBJC_ARC = YES;
				CLANG_WARN_BLOCK_CAPTURE_AUTORELEASING = YES;
				CLANG_WARN_BOOL_CONVERSION = YES;
				CLANG_WARN_COMMA = YES;
				CLANG_WARN_CONSTANT_CONVERSION = YES;
				CLANG_WARN_DEPRECATED_OBJC_IMPLEMENTATIONS = YES;
				CLANG_WARN_DIRECT_OBJC_ISA_USAGE = YES_ERROR;
				CLANG_WARN_EMPTY_BODY = YES;
				CLANG_WARN_ENUM_CONVERSION = YES;
				CLANG_WARN_INFINITE_RECURSION = YES;
				CLANG_WARN_INT_CONVERSION = YES;
				CLANG_WARN_NON_LITERAL_NULL_CONVERSION = YES;
				CLANG_WARN_OBJC_IMPLICIT_RETAIN_SELF = YES;
				CLANG_WARN_OBJC_LITERAL_CONVERSION = YES;
				CLANG_WARN_OBJC_ROOT_CLASS = YES_ERROR;
				CLANG_WARN_QUOTED_INCLUDE_IN_FRAMEWORK_HEADER = YES;
				CLANG_WARN_RANGE_LOOP_ANALYSIS = YES;
				CLANG_WARN_STRICT_PROTOTYPES = YES;
				CLANG_WARN_SUSPICIOUS_MOVE = YES;
				CLANG_WARN_UNREACHABLE_CODE = YES;
				CLANG_WARN__DUPLICATE_METHOD_MATCH = YES;
				CODE_SIGN_IDENTITY = "-";
				COPY_PHASE_STRIP = NO;
				ENABLE_STRICT_OBJC_MSGSEND = YES;
				ENABLE_TESTABILITY = YES;
				GCC_C_LANGUAGE_STANDARD = gnu99;
				GCC_DYNAMIC_NO_PIC = NO;
				GCC_NO_COMMON_BLOCKS = YES;
				GCC_OPTIMIZATION_LEVEL = 0;
				GCC_PREPROCESSOR_DEFINITIONS = (
					"DEBUG=1",
					"$(inherited)",
				);
				GCC_SYMBOLS_PRIVATE_EXTERN = NO;
				GCC_WARN_64_TO_32_BIT_CONVERSION = YES;
				GCC_WARN_ABOUT_RETURN_TYPE = YES_ERROR;
				GCC_WARN_UNDECLARED_SELECTOR = YES;
				GCC_WARN_UNINITIALIZED_AUTOS = YES_AGGRESSIVE;
				GCC_WARN_UNUSED_FUNCTION = YES;
				GCC_WARN_UNUSED_VARIABLE = YES;
				MACOSX_DEPLOYMENT_TARGET = 10.13;
				MTL_ENABLE_DEBUG_INFO = YES;
				ONLY_ACTIVE_ARCH = YES;
				SDKROOT = macosx;
			};
			name = Debug;
		};
		82F8D00E1A70E5FC00B9FD25 /* Release */ = {
			isa = XCBuildConfiguration;
			buildSettings = {
				ALWAYS_SEARCH_USER_PATHS = NO;
				CLANG_ANALYZER_LOCALIZABILITY_NONLOCALIZED = YES;
				CLANG_CXX_LANGUAGE_STANDARD = "gnu++0x";
				CLANG_CXX_LIBRARY = "libc++";
				CLANG_ENABLE_MODULES = YES;
				CLANG_ENABLE_OBJC_ARC = YES;
				CLANG_WARN_BLOCK_CAPTURE_AUTORELEASING = YES;
				CLANG_WARN_BOOL_CONVERSION = YES;
				CLANG_WARN_COMMA = YES;
				CLANG_WARN_CONSTANT_CONVERSION = YES;
				CLANG_WARN_DEPRECATED_OBJC_IMPLEMENTATIONS = YES;
				CLANG_WARN_DIRECT_OBJC_ISA_USAGE = YES_ERROR;
				CLANG_WARN_EMPTY_BODY = YES;
				CLANG_WARN_ENUM_CONVERSION = YES;
				CLANG_WARN_INFINITE_RECURSION = YES;
				CLANG_WARN_INT_CONVERSION = YES;
				CLANG_WARN_NON_LITERAL_NULL_CONVERSION = YES;
				CLANG_WARN_OBJC_IMPLICIT_RETAIN_SELF = YES;
				CLANG_WARN_OBJC_LITERAL_CONVERSION = YES;
				CLANG_WARN_OBJC_ROOT_CLASS = YES_ERROR;
				CLANG_WARN_QUOTED_INCLUDE_IN_FRAMEWORK_HEADER = YES;
				CLANG_WARN_RANGE_LOOP_ANALYSIS = YES;
				CLANG_WARN_STRICT_PROTOTYPES = YES;
				CLANG_WARN_SUSPICIOUS_MOVE = YES;
				CLANG_WARN_UNREACHABLE_CODE = YES;
				CLANG_WARN__DUPLICATE_METHOD_MATCH = YES;
				CODE_SIGN_IDENTITY = "-";
				COPY_PHASE_STRIP = YES;
				DEBUG_INFORMATION_FORMAT = "dwarf-with-dsym";
				ENABLE_NS_ASSERTIONS = NO;
				ENABLE_STRICT_OBJC_MSGSEND = YES;
				GCC_C_LANGUAGE_STANDARD = gnu99;
				GCC_NO_COMMON_BLOCKS = YES;
				GCC_WARN_64_TO_32_BIT_CONVERSION = YES;
				GCC_WARN_ABOUT_RETURN_TYPE = YES_ERROR;
				GCC_WARN_UNDECLARED_SELECTOR = YES;
				GCC_WARN_UNINITIALIZED_AUTOS = YES_AGGRESSIVE;
				GCC_WARN_UNUSED_FUNCTION = YES;
				GCC_WARN_UNUSED_VARIABLE = YES;
				MACOSX_DEPLOYMENT_TARGET = 10.13;
				MTL_ENABLE_DEBUG_INFO = NO;
				SDKROOT = macosx;
			};
			name = Release;
		};
		82F8D0101A70E5FC00B9FD25 /* Debug */ = {
			isa = XCBuildConfiguration;
			buildSettings = {
				ASSETCATALOG_COMPILER_APPICON_NAME = AppIcon;
				CODE_SIGN_IDENTITY = "-";
				COMBINE_HIDPI_IMAGES = YES;
				CURRENT_PROJECT_VERSION = 1;
				INFOPLIST_FILE = mdserver/Info.plist;
				LD_RUNPATH_SEARCH_PATHS = "$(inherited) @executable_path/../Frameworks";
				MACOSX_DEPLOYMENT_TARGET = 10.13;
				MARKETING_VERSION = 5.0;
				PRODUCT_BUNDLE_IDENTIFIER = "com.midoks.$(PRODUCT_NAME:rfc1034identifier)";
				PRODUCT_NAME = "$(TARGET_NAME)";
			};
			name = Debug;
		};
		82F8D0111A70E5FC00B9FD25 /* Release */ = {
			isa = XCBuildConfiguration;
			buildSettings = {
				ASSETCATALOG_COMPILER_APPICON_NAME = AppIcon;
				CODE_SIGN_IDENTITY = "-";
				COMBINE_HIDPI_IMAGES = YES;
				CURRENT_PROJECT_VERSION = 1;
				INFOPLIST_FILE = mdserver/Info.plist;
				LD_RUNPATH_SEARCH_PATHS = "$(inherited) @executable_path/../Frameworks";
				MACOSX_DEPLOYMENT_TARGET = 10.13;
				MARKETING_VERSION = 5.0;
				MTL_ENABLE_DEBUG_INFO = YES;
				PRODUCT_BUNDLE_IDENTIFIER = "com.midoks.$(PRODUCT_NAME:rfc1034identifier)";
				PRODUCT_NAME = "$(TARGET_NAME)";
			};
			name = Release;
		};
		82F8D0131A70E5FC00B9FD25 /* Debug */ = {
			isa = XCBuildConfiguration;
			buildSettings = {
				BUNDLE_LOADER = "$(TEST_HOST)";
				COMBINE_HIDPI_IMAGES = YES;
				FRAMEWORK_SEARCH_PATHS = (
					"$(DEVELOPER_FRAMEWORKS_DIR)",
					"$(inherited)",
				);
				GCC_PREPROCESSOR_DEFINITIONS = (
					"DEBUG=1",
					"$(inherited)",
				);
				INFOPLIST_FILE = mdserverTests/Info.plist;
				LD_RUNPATH_SEARCH_PATHS = "$(inherited) @executable_path/../Frameworks @loader_path/../Frameworks";
				MACOSX_DEPLOYMENT_TARGET = 10.13;
				PRODUCT_BUNDLE_IDENTIFIER = "com.midoks.$(PRODUCT_NAME:rfc1034identifier)";
				PRODUCT_NAME = "$(TARGET_NAME)";
				TEST_HOST = "$(BUILT_PRODUCTS_DIR)/mdserver.app/Contents/MacOS/mdserver";
			};
			name = Debug;
		};
		82F8D0141A70E5FC00B9FD25 /* Release */ = {
			isa = XCBuildConfiguration;
			buildSettings = {
				BUNDLE_LOADER = "$(TEST_HOST)";
				COMBINE_HIDPI_IMAGES = YES;
				FRAMEWORK_SEARCH_PATHS = (
					"$(DEVELOPER_FRAMEWORKS_DIR)",
					"$(inherited)",
				);
				INFOPLIST_FILE = mdserverTests/Info.plist;
				LD_RUNPATH_SEARCH_PATHS = "$(inherited) @executable_path/../Frameworks @loader_path/../Frameworks";
				MACOSX_DEPLOYMENT_TARGET = 10.13;
				PRODUCT_BUNDLE_IDENTIFIER = "com.midoks.$(PRODUCT_NAME:rfc1034identifier)";
				PRODUCT_NAME = "$(TARGET_NAME)";
				TEST_HOST = "$(BUILT_PRODUCTS_DIR)/mdserver.app/Contents/MacOS/mdserver";
			};
			name = Release;
		};
/* End XCBuildConfiguration section */

/* Begin XCConfigurationList section */
		82F8CFED1A70E5FC00B9FD25 /* Build configuration list for PBXProject "mdserver" */ = {
			isa = XCConfigurationList;
			buildConfigurations = (
				82F8D00D1A70E5FC00B9FD25 /* Debug */,
				82F8D00E1A70E5FC00B9FD25 /* Release */,
			);
			defaultConfigurationIsVisible = 0;
			defaultConfigurationName = Release;
		};
		82F8D00F1A70E5FC00B9FD25 /* Build configuration list for PBXNativeTarget "mdserver" */ = {
			isa = XCConfigurationList;
			buildConfigurations = (
				82F8D0101A70E5FC00B9FD25 /* Debug */,
				82F8D0111A70E5FC00B9FD25 /* Release */,
			);
			defaultConfigurationIsVisible = 0;
			defaultConfigurationName = Release;
		};
		82F8D0121A70E5FC00B9FD25 /* Build configuration list for PBXNativeTarget "mdserverTests" */ = {
			isa = XCConfigurationList;
			buildConfigurations = (
				82F8D0131A70E5FC00B9FD25 /* Debug */,
				82F8D0141A70E5FC00B9FD25 /* Release */,
			);
			defaultConfigurationIsVisible = 0;
			defaultConfigurationName = Release;
		};
/* End XCConfigurationList section */
	};
	rootObject = 82F8CFEA1A70E5FC00B9FD25 /* Project object */;
}
