// !$*UTF8*$!
{
	archiveVersion = 1;
	classes = {
	};
	objectVersion = 46;
	objects = {

/* Begin PBXBuildFile section */
		820F1EA31A8C7EA700CBC093 /* main.m in Sources */ = {isa = PBXBuildFile; fileRef = 820F1EA21A8C7EA700CBC093 /* main.m */; };
		820F1EAB1A8C807800CBC093 /* NSCommon.m in Sources */ = {isa = PBXBuildFile; fileRef = 820F1EAA1A8C807800CBC093 /* NSCommon.m */; };
/* End PBXBuildFile section */

/* Begin PBXCopyFilesBuildPhase section */
		820F1E9D1A8C7EA600CBC093 /* CopyFiles */ = {
			isa = PBXCopyFilesBuildPhase;
			buildActionMask = 2147483647;
			dstPath = /usr/share/man/man1/;
			dstSubfolderSpec = 0;
			files = (
			);
			runOnlyForDeploymentPostprocessing = 1;
		};
/* End PBXCopyFilesBuildPhase section */

/* Begin PBXFileReference section */
		820F1E9F1A8C7EA600CBC093 /* ss */ = {isa = PBXFileReference; explicitFileType = "compiled.mach-o.executable"; includeInIndex = 0; path = ss; sourceTree = BUILT_PRODUCTS_DIR; };
		820F1EA21A8C7EA700CBC093 /* main.m */ = {isa = PBXFileReference; lastKnownFileType = sourcecode.c.objc; path = main.m; sourceTree = "<group>"; };
		820F1EA91A8C807800CBC093 /* NSCommon.h */ = {isa = PBXFileReference; fileEncoding = 4; lastKnownFileType = sourcecode.c.h; path = NSCommon.h; sourceTree = "<group>"; };
		820F1EAA1A8C807800CBC093 /* NSCommon.m */ = {isa = PBXFileReference; fileEncoding = 4; lastKnownFileType = sourcecode.c.objc; path = NSCommon.m; sourceTree = "<group>"; };
/* End PBXFileReference section */

/* Begin PBXFrameworksBuildPhase section */
		820F1E9C1A8C7EA600CBC093 /* Frameworks */ = {
			isa = PBXFrameworksBuildPhase;
			buildActionMask = 2147483647;
			files = (
			);
			runOnlyForDeploymentPostprocessing = 0;
		};
/* End PBXFrameworksBuildPhase section */

/* Begin PBXGroup section */
		820F1E961A8C7EA600CBC093 = {
			isa = PBXGroup;
			children = (
				820F1EA11A8C7EA600CBC093 /* ss */,
				820F1EA01A8C7EA600CBC093 /* Products */,
			);
			sourceTree = "<group>";
		};
		820F1EA01A8C7EA600CBC093 /* Products */ = {
			isa = PBXGroup;
			children = (
				820F1E9F1A8C7EA600CBC093 /* ss */,
			);
			name = Products;
			sourceTree = "<group>";
		};
		820F1EA11A8C7EA600CBC093 /* ss */ = {
			isa = PBXGroup;
			children = (
				820F1EA91A8C807800CBC093 /* NSCommon.h */,
				820F1EAA1A8C807800CBC093 /* NSCommon.m */,
				820F1EA21A8C7EA700CBC093 /* main.m */,
			);
			path = ss;
			sourceTree = "<group>";
		};
/* End PBXGroup section */

/* Begin PBXNativeTarget section */
		820F1E9E1A8C7EA600CBC093 /* ss */ = {
			isa = PBXNativeTarget;
			buildConfigurationList = 820F1EA61A8C7EA700CBC093 /* Build configuration list for PBXNativeTarget "ss" */;
			buildPhases = (
				820F1E9B1A8C7EA600CBC093 /* Sources */,
				820F1E9C1A8C7EA600CBC093 /* Frameworks */,
				820F1E9D1A8C7EA600CBC093 /* CopyFiles */,
			);
			buildRules = (
			);
			dependencies = (
			);
			name = ss;
			productName = ss;
			productReference = 820F1E9F1A8C7EA600CBC093 /* ss */;
			productType = "com.apple.product-type.tool";
		};
/* End PBXNativeTarget section */

/* Begin PBXProject section */
		820F1E971A8C7EA600CBC093 /* Project object */ = {
			isa = PBXProject;
			attributes = {
				LastUpgradeCheck = 0610;
				ORGANIZATIONNAME = midoks;
				TargetAttributes = {
					820F1E9E1A8C7EA600CBC093 = {
						CreatedOnToolsVersion = 6.1.1;
					};
				};
			};
			buildConfigurationList = 820F1E9A1A8C7EA600CBC093 /* Build configuration list for PBXProject "ss" */;
			compatibilityVersion = "Xcode 3.2";
			developmentRegion = English;
			hasScannedForEncodings = 0;
			knownRegions = (
				en,
			);
			mainGroup = 820F1E961A8C7EA600CBC093;
			productRefGroup = 820F1EA01A8C7EA600CBC093 /* Products */;
			projectDirPath = "";
			projectRoot = "";
			targets = (
				820F1E9E1A8C7EA600CBC093 /* ss */,
			);
		};
/* End PBXProject section */

/* Begin PBXSourcesBuildPhase section */
		820F1E9B1A8C7EA600CBC093 /* Sources */ = {
			isa = PBXSourcesBuildPhase;
			buildActionMask = 2147483647;
			files = (
				820F1EA31A8C7EA700CBC093 /* main.m in Sources */,
				820F1EAB1A8C807800CBC093 /* NSCommon.m in Sources */,
			);
			runOnlyForDeploymentPostprocessing = 0;
		};
/* End PBXSourcesBuildPhase section */

/* Begin XCBuildConfiguration section */
		820F1EA41A8C7EA700CBC093 /* Debug */ = {
			isa = XCBuildConfiguration;
			buildSettings = {
				ALWAYS_SEARCH_USER_PATHS = NO;
				CLANG_CXX_LANGUAGE_STANDARD = "gnu++0x";
				CLANG_CXX_LIBRARY = "libc++";
				CLANG_ENABLE_MODULES = YES;
				CLANG_ENABLE_OBJC_ARC = YES;
				CLANG_WARN_BOOL_CONVERSION = YES;
				CLANG_WARN_CONSTANT_CONVERSION = YES;
				CLANG_WARN_DIRECT_OBJC_ISA_USAGE = YES_ERROR;
				CLANG_WARN_EMPTY_BODY = YES;
				CLANG_WARN_ENUM_CONVERSION = YES;
				CLANG_WARN_INT_CONVERSION = YES;
				CLANG_WARN_OBJC_ROOT_CLASS = YES_ERROR;
				CLANG_WARN_UNREACHABLE_CODE = YES;
				CLANG_WARN__DUPLICATE_METHOD_MATCH = YES;
				COPY_PHASE_STRIP = NO;
				ENABLE_STRICT_OBJC_MSGSEND = YES;
				GCC_C_LANGUAGE_STANDARD = gnu99;
				GCC_DYNAMIC_NO_PIC = NO;
				GCC_OPTIMIZATION_LEVEL = 0;
				GCC_PREPROCESSOR_DEFINITIONS = (
					"DEBUG=1",
					"$(inherited)",
				);
				GCC_SYMBOLS_PRIVATE_EXTERN = NO;
				GCC_WARN_64_TO_32_BIT_CONVERSION = YES;
				GCC_WARN_ABOUT_RETURN_TYPE = YES_ERROR;
				GCC_WARN_UNDECLARED_SELECTOR = YES;
				GCC_WARN_UNINITIALIZED_AUTOS = YES_AGGRESSIVE;
				GCC_WARN_UNUSED_FUNCTION = YES;
				GCC_WARN_UNUSED_VARIABLE = YES;
				MACOSX_DEPLOYMENT_TARGET = 10.13;
				MTL_ENABLE_DEBUG_INFO = YES;
				ONLY_ACTIVE_ARCH = YES;
				SDKROOT = macosx;
			};
			name = Debug;
		};
		820F1EA51A8C7EA700CBC093 /* Release */ = {
			isa = XCBuildConfiguration;
			buildSettings = {
				ALWAYS_SEARCH_USER_PATHS = NO;
				CLANG_CXX_LANGUAGE_STANDARD = "gnu++0x";
				CLANG_CXX_LIBRARY = "libc++";
				CLANG_ENABLE_MODULES = YES;
				CLANG_ENABLE_OBJC_ARC = YES;
				CLANG_WARN_BOOL_CONVERSION = YES;
				CLANG_WARN_CONSTANT_CONVERSION = YES;
				CLANG_WARN_DIRECT_OBJC_ISA_USAGE = YES_ERROR;
				CLANG_WARN_EMPTY_BODY = YES;
				CLANG_WARN_ENUM_CONVERSION = YES;
				CLANG_WARN_INT_CONVERSION = YES;
				CLANG_WARN_OBJC_ROOT_CLASS = YES_ERROR;
				CLANG_WARN_UNREACHABLE_CODE = YES;
				CLANG_WARN__DUPLICATE_METHOD_MATCH = YES;
				COPY_PHASE_STRIP = YES;
				DEBUG_INFORMATION_FORMAT = "dwarf-with-dsym";
				ENABLE_NS_ASSERTIONS = NO;
				ENABLE_STRICT_OBJC_MSGSEND = YES;
				GCC_C_LANGUAGE_STANDARD = gnu99;
				GCC_WARN_64_TO_32_BIT_CONVERSION = YES;
				GCC_WARN_ABOUT_RETURN_TYPE = YES_ERROR;
				GCC_WARN_UNDECLARED_SELECTOR = YES;
				GCC_WARN_UNINITIALIZED_AUTOS = YES_AGGRESSIVE;
				GCC_WARN_UNUSED_FUNCTION = YES;
				GCC_WARN_UNUSED_VARIABLE = YES;
				MACOSX_DEPLOYMENT_TARGET = 10.13;
				MTL_ENABLE_DEBUG_INFO = NO;
				SDKROOT = macosx;
			};
			name = Release;
		};
		820F1EA71A8C7EA700CBC093 /* Debug */ = {
			isa = XCBuildConfiguration;
			buildSettings = {
				PRODUCT_NAME = "$(TARGET_NAME)";
			};
			name = Debug;
		};
		820F1EA81A8C7EA700CBC093 /* Release */ = {
			isa = XCBuildConfiguration;
			buildSettings = {
				PRODUCT_NAME = "$(TARGET_NAME)";
			};
			name = Release;
		};
/* End XCBuildConfiguration section */

/* Begin XCConfigurationList section */
		820F1E9A1A8C7EA600CBC093 /* Build configuration list for PBXProject "ss" */ = {
			isa = XCConfigurationList;
			buildConfigurations = (
				820F1EA41A8C7EA700CBC093 /* Debug */,
				820F1EA51A8C7EA700CBC093 /* Release */,
			);
			defaultConfigurationIsVisible = 0;
			defaultConfigurationName = Release;
		};
		820F1EA61A8C7EA700CBC093 /* Build configuration list for PBXNativeTarget "ss" */ = {
			isa = XCConfigurationList;
			buildConfigurations = (
				820F1EA71A8C7EA700CBC093 /* Debug */,
				820F1EA81A8C7EA700CBC093 /* Release */,
			);
			defaultConfigurationIsVisible = 0;
		};
/* End XCConfigurationList section */
	};
	rootObject = 820F1E971A8C7EA600CBC093 /* Project object */;
}
